{
  "dependencies": [
    {
      "commit": "ab087d56af5fc585d063e4b0c2dc91a800c06917",
      "hash": "19f729d37bc333060d28ca6d15dc9e47aa30107562d904e365dd3e0c792e99b4",
      "id": "softadastra/core",
      "repo": "https://github.com/softadastra/core",
      "tag": "v1.4.0",
      "version": "1.4.0"
    }
  ],
  "lockVersion": 1
}
